{
    "_readme": [
        "This file locks the dependencies of your project to a known state",
        "Read more about it at https://getcomposer.org/doc/01-basic-usage.md#composer-lock-the-lock-file",
        "This file is @generated automatically"
    ],
    "hash": "765c23fcea46210b2c02f7a71210e7e6",
    "packages": [
        {
            "name": "openlss/lib-array2xml",
            "version": "0.0.9",
            "source": {
                "type": "git",
                "url": "https://github.com/openlss/lib-array2xml.git",
                "reference": "21249c9aa40ec7bfc91776e4bc3cfe3ef4dce769"
            },
            "dist": {
                "type": "zip",
                "url": "https://api.github.com/repos/openlss/lib-array2xml/zipball/21249c9aa40ec7bfc91776e4bc3cfe3ef4dce769",
                "reference": "21249c9aa40ec7bfc91776e4bc3cfe3ef4dce769",
                "shasum": ""
            },
            "require": {
                "php": ">=5.3.2"
            },
            "type": "library",
            "autoload": {
                "psr-0": {
                    "LSS": ""
                }
            },
            "notification-url": "https://packagist.org/downloads/",
            "license": [
                "Apache-2.0"
            ],
            "authors": [
                {
                    "name": "Bryan Tong",
                    "email": "contact@nullivex.com",
                    "homepage": "http://bryantong.com"
                },
                {
                    "name": "Tony Butler",
                    "email": "spudz76@gmail.com",
                    "homepage": "http://openlss.org"
                }
            ],
            "description": "Array2XML conversion library credit to lalit.org",
            "homepage": "http://openlss.org",
            "keywords": [
                "array",
                "array conversion",
                "xml",
                "xml conversion"
            ],
            "time": "2013-03-27 03:38:29"
        },
        {
<<<<<<< HEAD
=======
            "name": "psr/log",
            "version": "1.0.0",
            "source": {
                "type": "git",
                "url": "https://github.com/php-fig/log.git",
                "reference": "fe0936ee26643249e916849d48e3a51d5f5e278b"
            },
            "dist": {
                "type": "zip",
                "url": "https://api.github.com/repos/php-fig/log/zipball/fe0936ee26643249e916849d48e3a51d5f5e278b",
                "reference": "fe0936ee26643249e916849d48e3a51d5f5e278b",
                "shasum": ""
            },
            "type": "library",
            "autoload": {
                "psr-0": {
                    "Psr\\Log\\": ""
                }
            },
            "notification-url": "https://packagist.org/downloads/",
            "license": [
                "MIT"
            ],
            "authors": [
                {
                    "name": "PHP-FIG",
                    "homepage": "http://www.php-fig.org/"
                }
            ],
            "description": "Common interface for logging libraries",
            "keywords": [
                "log",
                "psr",
                "psr-3"
            ],
            "time": "2012-12-21 11:40:51"
        },
        {
>>>>>>> 991bd5cde0a253fa09a4be75924d05f9038aaf4d
            "name": "wa72/simplelogger",
            "version": "dev-master",
            "source": {
                "type": "git",
                "url": "https://github.com/wasinger/simplelogger.git",
                "reference": "4af160807cd3c939cbb64d410e53934c0df0737e"
            },
            "dist": {
                "type": "zip",
                "url": "https://api.github.com/repos/wasinger/simplelogger/zipball/4af160807cd3c939cbb64d410e53934c0df0737e",
                "reference": "4af160807cd3c939cbb64d410e53934c0df0737e",
                "shasum": ""
            },
            "require": {
                "php": ">=5.3.1",
                "psr/log": "1.*"
            },
            "provide": {
                "psr/log-implementation": "1.0.0"
            },
            "suggest": {
                "symfony/console": "If you want to log to the Symfony console using Wa72ConsoleLogger"
            },
            "type": "library",
            "autoload": {
                "psr-0": {
                    "Wa72\\SimpleLogger": "."
                }
            },
            "notification-url": "https://packagist.org/downloads/",
            "license": [
                "MIT"
            ],
            "authors": [
                {
                    "name": "Christoph Singer",
                    "email": "singer@webagentur72.de",
                    "homepage": "http://www.webagentur72.de"
                }
            ],
            "description": "Wa72SimpleLogger is a collection of very simple loggers implementing \\Psr\\Log\\LoggerInterface (PSR-3)",
            "homepage": "http://github.com/wasinger/simplelogger",
            "keywords": [
                "log",
                "logger",
                "psr-3"
            ],
            "time": "2015-03-06 19:17:01"
        }
    ],
    "packages-dev": [],
    "aliases": [],
    "minimum-stability": "stable",
    "stability-flags": {
        "wa72/simplelogger": 20
    },
    "prefer-stable": false,
    "prefer-lowest": false,
    "platform": [],
    "platform-dev": []
}
